Microsoft Visual Studio Solution File, Format Version 12.00
# Visual Studio Version 17
VisualStudioVersion = 17.5.2.0
MinimumVisualStudioVersion = 10.0.40219.1
Project("{FAE04EC0-301F-11D3-BF4B-00C04F79EFBC}") = "QuantDashboard", "QuantDashboard\QuantDashboard.csproj", "{1D14DA00-A651-3681-72FA-387C62EF6B34}"
EndProject
Global
	GlobalSection(SolutionConfigurationPlatforms) = preSolution
		Debug|Any CPU = Debug|Any CPU
		Release|Any CPU = Release|Any CPU
	EndGlobalSection
	GlobalSection(ProjectConfigurationPlatforms) = postSolution
		{1D14DA00-A651-3681-72FA-387C62EF6B34}.Debug|Any CPU.ActiveCfg = Debug|Any CPU
		{1D14DA00-A651-3681-72FA-387C62EF6B34}.Debug|Any CPU.Build.0 = Debug|Any CPU
		{1D14DA00-A651-3681-72FA-387C62EF6B34}.Release|Any CPU.ActiveCfg = Release|Any CPU
		{1D14DA00-A651-3681-72FA-387C62EF6B34}.Release|Any CPU.Build.0 = Release|Any CPU
	EndGlobalSection
	GlobalSection(SolutionProperties) = preSolution
		HideSolutionNode = FALSE
	EndGlobalSection
	GlobalSection(ExtensibilityGlobals) = postSolution
		SolutionGuid = {718CE1F3-30B5-4284-BC88-0B60FD7B1CC8}
	EndGlobalSection
EndGlobal
